dependencies:
- name: postgresql
  repository: https://cetic.github.io/helm-charts
  version: 0.2.5
- name: adminer
  repository: https://cetic.github.io/helm-charts
  version: 0.2.1
- name: open-webui
  repository: https://helm.openwebui.com
  version: 5.20.0
- name: rabbitmq
  repository: https://charts.bitnami.com/bitnami
  version: 16.0.8
- name: kube-prometheus-stack
  repository: https://prometheus-community.github.io/helm-charts
  version: 74.2.1
- name: minio
  repository: https://charts.min.io/
  version: 5.4.0
digest: sha256:520171285faa14c4dba5e4a856c6f8995df4e662ab8d412702b445fc0a630d7f
generated: "2025-10-26T14:10:47.286445-05:00"
