dependencies:
- name: postgresql
  repository: https://cetic.github.io/helm-charts
  version: 0.2.5
- name: adminer
  repository: https://cetic.github.io/helm-charts
  version: 0.2.1
- name: rabbitmq
  repository: https://charts.bitnami.com/bitnami
  version: 16.0.8
- name: kube-prometheus-stack
  repository: https://prometheus-community.github.io/helm-charts
  version: 74.2.1
- name: minio
  repository: https://charts.min.io/
  version: 5.4.0
- name: gitea
  repository: https://dl.gitea.com/charts/
  version: 12.4.0
digest: sha256:00f0ff98cfa5da69bcec85a879a8fbbb5cc402113bf4112353adfbcfae32a995
generated: "2025-11-09T11:48:10.505763-06:00"
