dependencies:
- name: postgresql
  repository: https://cetic.github.io/helm-charts
  version: 0.2.5
- name: adminer
  repository: https://cetic.github.io/helm-charts
  version: 0.2.1
- name: rabbitmq
  repository: https://charts.bitnami.com/bitnami
  version: 16.0.8
- name: kube-prometheus-stack
  repository: https://prometheus-community.github.io/helm-charts
  version: 74.2.1
- name: gitea
  repository: https://dl.gitea.com/charts/
  version: 12.4.0
digest: sha256:111e30eef67c2bd7d9656e1cabf753e959d88ff59c845cb59eb7d8b4a08a1201
generated: "2025-12-18T08:35:37.320952558-06:00"
